
Microsoft Visual Studio Solution File, Format Version 12.00
# Visual Studio Version 17
VisualStudioVersion = 17.12.35514.174 d17.12
MinimumVisualStudioVersion = 10.0.40219.1
Project("{FAE04EC0-301F-11D3-BF4B-00C04F79EFBC}") = "RefactorMe", "RefactorMe\RefactorMe.csproj", "{B3C24D26-6279-410F-ADF8-626D6C905A30}"
EndProject
Project("{2150E333-8FDC-42A3-9474-1A3956D46DE8}") = "Tests", "Tests", "{59AB0232-0B7A-4798-927E-2E85AD99B2F1}"
EndProject
Project("{FAE04EC0-301F-11D3-BF4B-00C04F79EFBC}") = "IntegrationTests", "IntegrationTests\IntegrationTests.csproj", "{7C6F6F33-E6E1-4B3F-A1AE-983A2673B4DB}"
EndProject
Global
	GlobalSection(SolutionConfigurationPlatforms) = preSolution
		Debug|Any CPU = Debug|Any CPU
		Release|Any CPU = Release|Any CPU
	EndGlobalSection
	GlobalSection(ProjectConfigurationPlatforms) = postSolution
		{B3C24D26-6279-410F-ADF8-626D6C905A30}.Debug|Any CPU.ActiveCfg = Debug|Any CPU
		{B3C24D26-6279-410F-ADF8-626D6C905A30}.Debug|Any CPU.Build.0 = Debug|Any CPU
		{B3C24D26-6279-410F-ADF8-626D6C905A30}.Release|Any CPU.ActiveCfg = Release|Any CPU
		{B3C24D26-6279-410F-ADF8-626D6C905A30}.Release|Any CPU.Build.0 = Release|Any CPU
		{7C6F6F33-E6E1-4B3F-A1AE-983A2673B4DB}.Debug|Any CPU.ActiveCfg = Debug|Any CPU
		{7C6F6F33-E6E1-4B3F-A1AE-983A2673B4DB}.Debug|Any CPU.Build.0 = Debug|Any CPU
		{7C6F6F33-E6E1-4B3F-A1AE-983A2673B4DB}.Release|Any CPU.ActiveCfg = Release|Any CPU
		{7C6F6F33-E6E1-4B3F-A1AE-983A2673B4DB}.Release|Any CPU.Build.0 = Release|Any CPU
	EndGlobalSection
	GlobalSection(SolutionProperties) = preSolution
		HideSolutionNode = FALSE
	EndGlobalSection
	GlobalSection(NestedProjects) = preSolution
		{7C6F6F33-E6E1-4B3F-A1AE-983A2673B4DB} = {59AB0232-0B7A-4798-927E-2E85AD99B2F1}
	EndGlobalSection
EndGlobal
